
Microsoft Visual Studio Solution File, Format Version 12.00
# Visual Studio Version 16
VisualStudioVersion = 16.0.29102.190
MinimumVisualStudioVersion = 10.0.40219.1
Project("{FAE04EC0-301F-11D3-BF4B-00C04F79EFBC}") = "Third_Xaml", "Third_Xaml.csproj", "{CDE36B15-0D34-4142-9520-7B4A32D9A39B}"
EndProject
Global
	GlobalSection(SolutionConfigurationPlatforms) = preSolution
		Debug|Any CPU = Debug|Any CPU
		Release|Any CPU = Release|Any CPU
	EndGlobalSection
	GlobalSection(ProjectConfigurationPlatforms) = postSolution
		{CDE36B15-0D34-4142-9520-7B4A32D9A39B}.Debug|Any CPU.ActiveCfg = Debug|Any CPU
		{CDE36B15-0D34-4142-9520-7B4A32D9A39B}.Debug|Any CPU.Build.0 = Debug|Any CPU
		{CDE36B15-0D34-4142-9520-7B4A32D9A39B}.Release|Any CPU.ActiveCfg = Release|Any CPU
		{CDE36B15-0D34-4142-9520-7B4A32D9A39B}.Release|Any CPU.Build.0 = Release|Any CPU
	EndGlobalSection
	GlobalSection(SolutionProperties) = preSolution
		HideSolutionNode = FALSE
	EndGlobalSection
	GlobalSection(ExtensibilityGlobals) = postSolution
		SolutionGuid = {88CE624B-E852-4138-B2BA-C3CF6F4E93A8}
	EndGlobalSection
EndGlobal
